
Microsoft Visual Studio Solution File, Format Version 12.00
# Visual Studio 15
VisualStudioVersion = 15.0.26906.1
MinimumVisualStudioVersion = 10.0.40219.1
Project("{9A19103F-16F7-4668-BE54-9A1E7A4F7556}") = "Plaswijzer", "Plaswijzer\Plaswijzer.csproj", "{1ADADF16-C9D2-40EA-B798-D457DD87223A}"
EndProject
Global
	GlobalSection(SolutionConfigurationPlatforms) = preSolution
		Debug|Any CPU = Debug|Any CPU
		Release|Any CPU = Release|Any CPU
	EndGlobalSection
	GlobalSection(ProjectConfigurationPlatforms) = postSolution
		{1ADADF16-C9D2-40EA-B798-D457DD87223A}.Debug|Any CPU.ActiveCfg = Debug|Any CPU
		{1ADADF16-C9D2-40EA-B798-D457DD87223A}.Debug|Any CPU.Build.0 = Debug|Any CPU
		{1ADADF16-C9D2-40EA-B798-D457DD87223A}.Release|Any CPU.ActiveCfg = Release|Any CPU
		{1ADADF16-C9D2-40EA-B798-D457DD87223A}.Release|Any CPU.Build.0 = Release|Any CPU
	EndGlobalSection
	GlobalSection(SolutionProperties) = preSolution
		HideSolutionNode = FALSE
	EndGlobalSection
	GlobalSection(ExtensibilityGlobals) = postSolution
		SolutionGuid = {35996A85-A991-4DF5-B79F-063FAB0A8FD8}
	EndGlobalSection
EndGlobal
